
Microsoft Visual Studio Solution File, Format Version 12.00
# Visual Studio Version 17
VisualStudioVersion = 17.5.33530.505
MinimumVisualStudioVersion = 10.0.40219.1
Project("{9A19103F-16F7-4668-BE54-9A1E7A4F7556}") = "BackEndDevelopment", "TOKENAPI\BackEndDevelopment.csproj", "{69210E53-DF9D-4E84-B8E0-C3034D785161}"
EndProject
Global
	GlobalSection(SolutionConfigurationPlatforms) = preSolution
		Debug|Any CPU = Debug|Any CPU
		Release|Any CPU = Release|Any CPU
	EndGlobalSection
	GlobalSection(ProjectConfigurationPlatforms) = postSolution
		{69210E53-DF9D-4E84-B8E0-C3034D785161}.Debug|Any CPU.ActiveCfg = Debug|Any CPU
		{69210E53-DF9D-4E84-B8E0-C3034D785161}.Debug|Any CPU.Build.0 = Debug|Any CPU
		{69210E53-DF9D-4E84-B8E0-C3034D785161}.Release|Any CPU.ActiveCfg = Release|Any CPU
		{69210E53-DF9D-4E84-B8E0-C3034D785161}.Release|Any CPU.Build.0 = Release|Any CPU
	EndGlobalSection
	GlobalSection(SolutionProperties) = preSolution
		HideSolutionNode = FALSE
	EndGlobalSection
	GlobalSection(ExtensibilityGlobals) = postSolution
		SolutionGuid = {4DF48817-FE89-4863-8A44-F14BD4C78E2F}
	EndGlobalSection
EndGlobal
